
Microsoft Visual Studio Solution File, Format Version 12.00
# Visual Studio 14
VisualStudioVersion = 14.0.24720.0
MinimumVisualStudioVersion = 10.0.40219.1
Project("{FAE04EC0-301F-11D3-BF4B-00C04F79EFBC}") = "CW.MAIN", "CW.MAIN\CW.MAIN.csproj", "{EFE74810-64ED-4334-9713-6CB56CB454CF}"
EndProject
Project("{FAE04EC0-301F-11D3-BF4B-00C04F79EFBC}") = "CW.BO", "CW.BO\CW.BO.csproj", "{24085AE8-7435-45F5-9805-99B325A4E485}"
EndProject
Project("{FAE04EC0-301F-11D3-BF4B-00C04F79EFBC}") = "CW.DB", "CW.DB\CW.DB.csproj", "{8181D2D2-DE7F-4C43-AE56-0593E0B00B9D}"
EndProject
Project("{FAE04EC0-301F-11D3-BF4B-00C04F79EFBC}") = "CW.COMMON", "CW.COMMON\CW.COMMON.csproj", "{6D253B11-3B53-485C-8BE4-5E85529F5F48}"
EndProject
Global
	GlobalSection(SolutionConfigurationPlatforms) = preSolution
		Debug|Any CPU = Debug|Any CPU
		Release|Any CPU = Release|Any CPU
	EndGlobalSection
	GlobalSection(ProjectConfigurationPlatforms) = postSolution
		{EFE74810-64ED-4334-9713-6CB56CB454CF}.Debug|Any CPU.ActiveCfg = Debug|Any CPU
		{EFE74810-64ED-4334-9713-6CB56CB454CF}.Debug|Any CPU.Build.0 = Debug|Any CPU
		{EFE74810-64ED-4334-9713-6CB56CB454CF}.Release|Any CPU.ActiveCfg = Release|Any CPU
		{EFE74810-64ED-4334-9713-6CB56CB454CF}.Release|Any CPU.Build.0 = Release|Any CPU
		{24085AE8-7435-45F5-9805-99B325A4E485}.Debug|Any CPU.ActiveCfg = Debug|Any CPU
		{24085AE8-7435-45F5-9805-99B325A4E485}.Debug|Any CPU.Build.0 = Debug|Any CPU
		{24085AE8-7435-45F5-9805-99B325A4E485}.Release|Any CPU.ActiveCfg = Release|Any CPU
		{24085AE8-7435-45F5-9805-99B325A4E485}.Release|Any CPU.Build.0 = Release|Any CPU
		{8181D2D2-DE7F-4C43-AE56-0593E0B00B9D}.Debug|Any CPU.ActiveCfg = Debug|Any CPU
		{8181D2D2-DE7F-4C43-AE56-0593E0B00B9D}.Debug|Any CPU.Build.0 = Debug|Any CPU
		{8181D2D2-DE7F-4C43-AE56-0593E0B00B9D}.Release|Any CPU.ActiveCfg = Release|Any CPU
		{8181D2D2-DE7F-4C43-AE56-0593E0B00B9D}.Release|Any CPU.Build.0 = Release|Any CPU
		{6D253B11-3B53-485C-8BE4-5E85529F5F48}.Debug|Any CPU.ActiveCfg = Debug|Any CPU
		{6D253B11-3B53-485C-8BE4-5E85529F5F48}.Debug|Any CPU.Build.0 = Debug|Any CPU
		{6D253B11-3B53-485C-8BE4-5E85529F5F48}.Release|Any CPU.ActiveCfg = Release|Any CPU
		{6D253B11-3B53-485C-8BE4-5E85529F5F48}.Release|Any CPU.Build.0 = Release|Any CPU
	EndGlobalSection
	GlobalSection(SolutionProperties) = preSolution
		HideSolutionNode = FALSE
	EndGlobalSection
EndGlobal
